
Microsoft Visual Studio Solution File, Format Version 12.00
# Visual Studio Version 17
VisualStudioVersion = 17.3.32929.385
MinimumVisualStudioVersion = 10.0.40219.1
Project("{FAE04EC0-301F-11D3-BF4B-00C04F79EFBC}") = "ShopStore", "ShopStore\ShopStore.csproj", "{1CBF331F-954A-4DB2-852D-80DA3433D0C1}"
EndProject
Global
	GlobalSection(SolutionConfigurationPlatforms) = preSolution
		Debug|Any CPU = Debug|Any CPU
		Release|Any CPU = Release|Any CPU
	EndGlobalSection
	GlobalSection(ProjectConfigurationPlatforms) = postSolution
		{1CBF331F-954A-4DB2-852D-80DA3433D0C1}.Debug|Any CPU.ActiveCfg = Debug|Any CPU
		{1CBF331F-954A-4DB2-852D-80DA3433D0C1}.Debug|Any CPU.Build.0 = Debug|Any CPU
		{1CBF331F-954A-4DB2-852D-80DA3433D0C1}.Release|Any CPU.ActiveCfg = Release|Any CPU
		{1CBF331F-954A-4DB2-852D-80DA3433D0C1}.Release|Any CPU.Build.0 = Release|Any CPU
	EndGlobalSection
	GlobalSection(SolutionProperties) = preSolution
		HideSolutionNode = FALSE
	EndGlobalSection
	GlobalSection(ExtensibilityGlobals) = postSolution
		SolutionGuid = {E4303CE9-C3AD-40B7-9533-41553ECA95E4}
	EndGlobalSection
EndGlobal
